// !$*UTF8*$!
{
	archiveVersion = 1;
	classes = {
	};
	objectVersion = 50;
	objects = {

/* Begin PBXBuildFile section */
		DD6365D1241CF2FA00C043BC /* AppDelegate.swift in Sources */ = {isa = PBXBuildFile; fileRef = DD6365D0241CF2FA00C043BC /* AppDelegate.swift */; };
		DD6365D3241CF2FA00C043BC /* SceneDelegate.swift in Sources */ = {isa = PBXBuildFile; fileRef = DD6365D2241CF2FA00C043BC /* SceneDelegate.swift */; };
		DD6365D6241CF2FA00C043BC /* Wakhir.xcdatamodeld in Sources */ = {isa = PBXBuildFile; fileRef = DD6365D4241CF2FA00C043BC /* Wakhir.xcdatamodeld */; };
		DD6365D8241CF2FA00C043BC /* ContentView.swift in Sources */ = {isa = PBXBuildFile; fileRef = DD6365D7241CF2FA00C043BC /* ContentView.swift */; };
		DD6365DA241CF2FD00C043BC /* Assets.xcassets in Resources */ = {isa = PBXBuildFile; fileRef = DD6365D9241CF2FD00C043BC /* Assets.xcassets */; };
		DD6365DD241CF2FD00C043BC /* Preview Assets.xcassets in Resources */ = {isa = PBXBuildFile; fileRef = DD6365DC241CF2FD00C043BC /* Preview Assets.xcassets */; };
		DD6365E0241CF2FD00C043BC /* LaunchScreen.storyboard in Resources */ = {isa = PBXBuildFile; fileRef = DD6365DE241CF2FD00C043BC /* LaunchScreen.storyboard */; };
/* End PBXBuildFile section */

/* Begin PBXFileReference section */
		DD6365CD241CF2FA00C043BC /* Wakhir.app */ = {isa = PBXFileReference; explicitFileType = wrapper.application; includeInIndex = 0; path = Wakhir.app; sourceTree = BUILT_PRODUCTS_DIR; };
		DD6365D0241CF2FA00C043BC /* AppDelegate.swift */ = {isa = PBXFileReference; lastKnownFileType = sourcecode.swift; path = AppDelegate.swift; sourceTree = "<group>"; };
		DD6365D2241CF2FA00C043BC /* SceneDelegate.swift */ = {isa = PBXFileReference; lastKnownFileType = sourcecode.swift; path = SceneDelegate.swift; sourceTree = "<group>"; };
		DD6365D5241CF2FA00C043BC /* Wakhir.xcdatamodel */ = {isa = PBXFileReference; lastKnownFileType = wrapper.xcdatamodel; path = Wakhir.xcdatamodel; sourceTree = "<group>"; };
		DD6365D7241CF2FA00C043BC /* ContentView.swift */ = {isa = PBXFileReference; lastKnownFileType = sourcecode.swift; path = ContentView.swift; sourceTree = "<group>"; };
		DD6365D9241CF2FD00C043BC /* Assets.xcassets */ = {isa = PBXFileReference; lastKnownFileType = folder.assetcatalog; path = Assets.xcassets; sourceTree = "<group>"; };
		DD6365DC241CF2FD00C043BC /* Preview Assets.xcassets */ = {isa = PBXFileReference; lastKnownFileType = folder.assetcatalog; path = "Preview Assets.xcassets"; sourceTree = "<group>"; };
		DD6365DF241CF2FD00C043BC /* Base */ = {isa = PBXFileReference; lastKnownFileType = file.storyboard; name = Base; path = Base.lproj/LaunchScreen.storyboard; sourceTree = "<group>"; };
		DD6365E1241CF2FD00C043BC /* Info.plist */ = {isa = PBXFileReference; lastKnownFileType = text.plist.xml; path = Info.plist; sourceTree = "<group>"; };
/* End PBXFileReference section */

/* Begin PBXFrameworksBuildPhase section */
		DD6365CA241CF2FA00C043BC /* Frameworks */ = {
			isa = PBXFrameworksBuildPhase;
			buildActionMask = 2147483647;
			files = (
			);
			runOnlyForDeploymentPostprocessing = 0;
		};
/* End PBXFrameworksBuildPhase section */

/* Begin PBXGroup section */
		DD6365C4241CF2FA00C043BC = {
			isa = PBXGroup;
			children = (
				DD6365CF241CF2FA00C043BC /* Wakhir */,
				DD6365CE241CF2FA00C043BC /* Products */,
			);
			sourceTree = "<group>";
		};
		DD6365CE241CF2FA00C043BC /* Products */ = {
			isa = PBXGroup;
			children = (
				DD6365CD241CF2FA00C043BC /* Wakhir.app */,
			);
			name = Products;
			sourceTree = "<group>";
		};
		DD6365CF241CF2FA00C043BC /* Wakhir */ = {
			isa = PBXGroup;
			children = (
				DD6365D0241CF2FA00C043BC /* AppDelegate.swift */,
				DD6365D2241CF2FA00C043BC /* SceneDelegate.swift */,
				DD6365D7241CF2FA00C043BC /* ContentView.swift */,
				DD6365D9241CF2FD00C043BC /* Assets.xcassets */,
				DD6365DE241CF2FD00C043BC /* LaunchScreen.storyboard */,
				DD6365E1241CF2FD00C043BC /* Info.plist */,
				DD6365D4241CF2FA00C043BC /* Wakhir.xcdatamodeld */,
				DD6365DB241CF2FD00C043BC /* Preview Content */,
			);
			path = Wakhir;
			sourceTree = "<group>";
		};
		DD6365DB241CF2FD00C043BC /* Preview Content */ = {
			isa = PBXGroup;
			children = (
				DD6365DC241CF2FD00C043BC /* Preview Assets.xcassets */,
			);
			path = "Preview Content";
			sourceTree = "<group>";
		};
/* End PBXGroup section */

/* Begin PBXNativeTarget section */
		DD6365CC241CF2FA00C043BC /* Wakhir */ = {
			isa = PBXNativeTarget;
			buildConfigurationList = DD6365E4241CF2FD00C043BC /* Build configuration list for PBXNativeTarget "Wakhir" */;
			buildPhases = (
				DD6365C9241CF2FA00C043BC /* Sources */,
				DD6365CA241CF2FA00C043BC /* Frameworks */,
				DD6365CB241CF2FA00C043BC /* Resources */,
			);
			buildRules = (
			);
			dependencies = (
			);
			name = Wakhir;
			productName = Wakhir;
			productReference = DD6365CD241CF2FA00C043BC /* Wakhir.app */;
			productType = "com.apple.product-type.application";
		};
/* End PBXNativeTarget section */

/* Begin PBXProject section */
		DD6365C5241CF2FA00C043BC /* Project object */ = {
			isa = PBXProject;
			attributes = {
				LastSwiftUpdateCheck = 1130;
				LastUpgradeCheck = 1130;
				ORGANIZATIONNAME = "Hamour Soft";
				TargetAttributes = {
					DD6365CC241CF2FA00C043BC = {
						CreatedOnToolsVersion = 11.3.1;
					};
				};
			};
			buildConfigurationList = DD6365C8241CF2FA00C043BC /* Build configuration list for PBXProject "Wakhir" */;
			compatibilityVersion = "Xcode 9.3";
			developmentRegion = en;
			hasScannedForEncodings = 0;
			knownRegions = (
				en,
				Base,
			);
			mainGroup = DD6365C4241CF2FA00C043BC;
			productRefGroup = DD6365CE241CF2FA00C043BC /* Products */;
			projectDirPath = "";
			projectRoot = "";
			targets = (
				DD6365CC241CF2FA00C043BC /* Wakhir */,
			);
		};
/* End PBXProject section */

/* Begin PBXResourcesBuildPhase section */
		DD6365CB241CF2FA00C043BC /* Resources */ = {
			isa = PBXResourcesBuildPhase;
			buildActionMask = 2147483647;
			files = (
				DD6365E0241CF2FD00C043BC /* LaunchScreen.storyboard in Resources */,
				DD6365DD241CF2FD00C043BC /* Preview Assets.xcassets in Resources */,
				DD6365DA241CF2FD00C043BC /* Assets.xcassets in Resources */,
			);
			runOnlyForDeploymentPostprocessing = 0;
		};
/* End PBXResourcesBuildPhase section */

/* Begin PBXSourcesBuildPhase section */
		DD6365C9241CF2FA00C043BC /* Sources */ = {
			isa = PBXSourcesBuildPhase;
			buildActionMask = 2147483647;
			files = (
				DD6365D1241CF2FA00C043BC /* AppDelegate.swift in Sources */,
				DD6365D3241CF2FA00C043BC /* SceneDelegate.swift in Sources */,
				DD6365D8241CF2FA00C043BC /* ContentView.swift in Sources */,
				DD6365D6241CF2FA00C043BC /* Wakhir.xcdatamodeld in Sources */,
			);
			runOnlyForDeploymentPostprocessing = 0;
		};
/* End PBXSourcesBuildPhase section */

/* Begin PBXVariantGroup section */
		DD6365DE241CF2FD00C043BC /* LaunchScreen.storyboard */ = {
			isa = PBXVariantGroup;
			children = (
				DD6365DF241CF2FD00C043BC /* Base */,
			);
			name = LaunchScreen.storyboard;
			sourceTree = "<group>";
		};
/* End PBXVariantGroup section */

/* Begin XCBuildConfiguration section */
		DD6365E2241CF2FD00C043BC /* Debug */ = {
			isa = XCBuildConfiguration;
			buildSettings = {
				ALWAYS_SEARCH_USER_PATHS = NO;
				CLANG_ANALYZER_NONNULL = YES;
				CLANG_ANALYZER_NUMBER_OBJECT_CONVERSION = YES_AGGRESSIVE;
				CLANG_CXX_LANGUAGE_STANDARD = "gnu++14";
				CLANG_CXX_LIBRARY = "libc++";
				CLANG_ENABLE_MODULES = YES;
				CLANG_ENABLE_OBJC_ARC = YES;
				CLANG_ENABLE_OBJC_WEAK = YES;
				CLANG_WARN_BLOCK_CAPTURE_AUTORELEASING = YES;
				CLANG_WARN_BOOL_CONVERSION = YES;
				CLANG_WARN_COMMA = YES;
				CLANG_WARN_CONSTANT_CONVERSION = YES;
				CLANG_WARN_DEPRECATED_OBJC_IMPLEMENTATIONS = YES;
				CLANG_WARN_DIRECT_OBJC_ISA_USAGE = YES_ERROR;
				CLANG_WARN_DOCUMENTATION_COMMENTS = YES;
				CLANG_WARN_EMPTY_BODY = YES;
				CLANG_WARN_ENUM_CONVERSION = YES;
				CLANG_WARN_INFINITE_RECURSION = YES;
				CLANG_WARN_INT_CONVERSION = YES;
				CLANG_WARN_NON_LITERAL_NULL_CONVERSION = YES;
				CLANG_WARN_OBJC_IMPLICIT_RETAIN_SELF = YES;
				CLANG_WARN_OBJC_LITERAL_CONVERSION = YES;
				CLANG_WARN_OBJC_ROOT_CLASS = YES_ERROR;
				CLANG_WARN_RANGE_LOOP_ANALYSIS = YES;
				CLANG_WARN_STRICT_PROTOTYPES = YES;
				CLANG_WARN_SUSPICIOUS_MOVE = YES;
				CLANG_WARN_UNGUARDED_AVAILABILITY = YES_AGGRESSIVE;
				CLANG_WARN_UNREACHABLE_CODE = YES;
				CLANG_WARN__DUPLICATE_METHOD_MATCH = YES;
				COPY_PHASE_STRIP = NO;
				DEBUG_INFORMATION_FORMAT = dwarf;
				ENABLE_STRICT_OBJC_MSGSEND = YES;
				ENABLE_TESTABILITY = YES;
				GCC_C_LANGUAGE_STANDARD = gnu11;
				GCC_DYNAMIC_NO_PIC = NO;
				GCC_NO_COMMON_BLOCKS = YES;
				GCC_OPTIMIZATION_LEVEL = 0;
				GCC_PREPROCESSOR_DEFINITIONS = (
					"DEBUG=1",
					"$(inherited)",
				);
				GCC_WARN_64_TO_32_BIT_CONVERSION = YES;
				GCC_WARN_ABOUT_RETURN_TYPE = YES_ERROR;
				GCC_WARN_UNDECLARED_SELECTOR = YES;
				GCC_WARN_UNINITIALIZED_AUTOS = YES_AGGRESSIVE;
				GCC_WARN_UNUSED_FUNCTION = YES;
				GCC_WARN_UNUSED_VARIABLE = YES;
				IPHONEOS_DEPLOYMENT_TARGET = 13.2;
				MTL_ENABLE_DEBUG_INFO = INCLUDE_SOURCE;
				MTL_FAST_MATH = YES;
				ONLY_ACTIVE_ARCH = YES;
				SDKROOT = iphoneos;
				SWIFT_ACTIVE_COMPILATION_CONDITIONS = DEBUG;
				SWIFT_OPTIMIZATION_LEVEL = "-Onone";
			};
			name = Debug;
		};
		DD6365E3241CF2FD00C043BC /* Release */ = {
			isa = XCBuildConfiguration;
			buildSettings = {
				ALWAYS_SEARCH_USER_PATHS = NO;
				CLANG_ANALYZER_NONNULL = YES;
				CLANG_ANALYZER_NUMBER_OBJECT_CONVERSION = YES_AGGRESSIVE;
				CLANG_CXX_LANGUAGE_STANDARD = "gnu++14";
				CLANG_CXX_LIBRARY = "libc++";
				CLANG_ENABLE_MODULES = YES;
				CLANG_ENABLE_OBJC_ARC = YES;
				CLANG_ENABLE_OBJC_WEAK = YES;
				CLANG_WARN_BLOCK_CAPTURE_AUTORELEASING = YES;
				CLANG_WARN_BOOL_CONVERSION = YES;
				CLANG_WARN_COMMA = YES;
				CLANG_WARN_CONSTANT_CONVERSION = YES;
				CLANG_WARN_DEPRECATED_OBJC_IMPLEMENTATIONS = YES;
				CLANG_WARN_DIRECT_OBJC_ISA_USAGE = YES_ERROR;
				CLANG_WARN_DOCUMENTATION_COMMENTS = YES;
				CLANG_WARN_EMPTY_BODY = YES;
				CLANG_WARN_ENUM_CONVERSION = YES;
				CLANG_WARN_INFINITE_RECURSION = YES;
				CLANG_WARN_INT_CONVERSION = YES;
				CLANG_WARN_NON_LITERAL_NULL_CONVERSION = YES;
				CLANG_WARN_OBJC_IMPLICIT_RETAIN_SELF = YES;
				CLANG_WARN_OBJC_LITERAL_CONVERSION = YES;
				CLANG_WARN_OBJC_ROOT_CLASS = YES_ERROR;
				CLANG_WARN_RANGE_LOOP_ANALYSIS = YES;
				CLANG_WARN_STRICT_PROTOTYPES = YES;
				CLANG_WARN_SUSPICIOUS_MOVE = YES;
				CLANG_WARN_UNGUARDED_AVAILABILITY = YES_AGGRESSIVE;
				CLANG_WARN_UNREACHABLE_CODE = YES;
				CLANG_WARN__DUPLICATE_METHOD_MATCH = YES;
				COPY_PHASE_STRIP = NO;
				DEBUG_INFORMATION_FORMAT = "dwarf-with-dsym";
				ENABLE_NS_ASSERTIONS = NO;
				ENABLE_STRICT_OBJC_MSGSEND = YES;
				GCC_C_LANGUAGE_STANDARD = gnu11;
				GCC_NO_COMMON_BLOCKS = YES;
				GCC_WARN_64_TO_32_BIT_CONVERSION = YES;
				GCC_WARN_ABOUT_RETURN_TYPE = YES_ERROR;
				GCC_WARN_UNDECLARED_SELECTOR = YES;
				GCC_WARN_UNINITIALIZED_AUTOS = YES_AGGRESSIVE;
				GCC_WARN_UNUSED_FUNCTION = YES;
				GCC_WARN_UNUSED_VARIABLE = YES;
				IPHONEOS_DEPLOYMENT_TARGET = 13.2;
				MTL_ENABLE_DEBUG_INFO = NO;
				MTL_FAST_MATH = YES;
				SDKROOT = iphoneos;
				SWIFT_COMPILATION_MODE = wholemodule;
				SWIFT_OPTIMIZATION_LEVEL = "-O";
				VALIDATE_PRODUCT = YES;
			};
			name = Release;
		};
		DD6365E5241CF2FD00C043BC /* Debug */ = {
			isa = XCBuildConfiguration;
			buildSettings = {
				ASSETCATALOG_COMPILER_APPICON_NAME = AppIcon;
				CODE_SIGN_STYLE = Automatic;
				DEVELOPMENT_ASSET_PATHS = "\"Wakhir/Preview Content\"";
				DEVELOPMENT_TEAM = XNNK9WREY7;
				ENABLE_PREVIEWS = YES;
				INFOPLIST_FILE = Wakhir/Info.plist;
				LD_RUNPATH_SEARCH_PATHS = (
					"$(inherited)",
					"@executable_path/Frameworks",
				);
				PRODUCT_BUNDLE_IDENTIFIER = Hamour.Wakhir;
				PRODUCT_NAME = "$(TARGET_NAME)";
				SWIFT_VERSION = 5.0;
				TARGETED_DEVICE_FAMILY = "1,2";
			};
			name = Debug;
		};
		DD6365E6241CF2FD00C043BC /* Release */ = {
			isa = XCBuildConfiguration;
			buildSettings = {
				ASSETCATALOG_COMPILER_APPICON_NAME = AppIcon;
				CODE_SIGN_STYLE = Automatic;
				DEVELOPMENT_ASSET_PATHS = "\"Wakhir/Preview Content\"";
				DEVELOPMENT_TEAM = XNNK9WREY7;
				ENABLE_PREVIEWS = YES;
				INFOPLIST_FILE = Wakhir/Info.plist;
				LD_RUNPATH_SEARCH_PATHS = (
					"$(inherited)",
					"@executable_path/Frameworks",
				);
				PRODUCT_BUNDLE_IDENTIFIER = Hamour.Wakhir;
				PRODUCT_NAME = "$(TARGET_NAME)";
				SWIFT_VERSION = 5.0;
				TARGETED_DEVICE_FAMILY = "1,2";
			};
			name = Release;
		};
/* End XCBuildConfiguration section */

/* Begin XCConfigurationList section */
		DD6365C8241CF2FA00C043BC /* Build configuration list for PBXProject "Wakhir" */ = {
			isa = XCConfigurationList;
			buildConfigurations = (
				DD6365E2241CF2FD00C043BC /* Debug */,
				DD6365E3241CF2FD00C043BC /* Release */,
			);
			defaultConfigurationIsVisible = 0;
			defaultConfigurationName = Release;
		};
		DD6365E4241CF2FD00C043BC /* Build configuration list for PBXNativeTarget "Wakhir" */ = {
			isa = XCConfigurationList;
			buildConfigurations = (
				DD6365E5241CF2FD00C043BC /* Debug */,
				DD6365E6241CF2FD00C043BC /* Release */,
			);
			defaultConfigurationIsVisible = 0;
			defaultConfigurationName = Release;
		};
/* End XCConfigurationList section */

/* Begin XCVersionGroup section */
		DD6365D4241CF2FA00C043BC /* Wakhir.xcdatamodeld */ = {
			isa = XCVersionGroup;
			children = (
				DD6365D5241CF2FA00C043BC /* Wakhir.xcdatamodel */,
			);
			currentVersion = DD6365D5241CF2FA00C043BC /* Wakhir.xcdatamodel */;
			path = Wakhir.xcdatamodeld;
			sourceTree = "<group>";
			versionGroupType = wrapper.xcdatamodel;
		};
/* End XCVersionGroup section */
	};
	rootObject = DD6365C5241CF2FA00C043BC /* Project object */;
}
